// !$*UTF8*$!
{
	archiveVersion = 1;
	classes = {
	};
	objectVersion = 56;
	objects = {

/* Begin PBXBuildFile section */
		181BDDDC28F95A9800962D7B /* HomeView.swift in Sources */ = {isa = PBXBuildFile; fileRef = 181BDDDB28F95A9800962D7B /* HomeView.swift */; };
		181C6CB228FE84B80091B5BA /* FeaturedItem.swift in Sources */ = {isa = PBXBuildFile; fileRef = 181C6CB128FE84B80091B5BA /* FeaturedItem.swift */; };
		181C6CB928FE8BEF0091B5BA /* NavigationBar.swift in Sources */ = {isa = PBXBuildFile; fileRef = 181C6CB828FE8BEF0091B5BA /* NavigationBar.swift */; };
		181C6CBB28FEA2000091B5BA /* PreferenceKeys.swift in Sources */ = {isa = PBXBuildFile; fileRef = 181C6CBA28FEA2000091B5BA /* PreferenceKeys.swift */; };
		181C6CBD28FEBF850091B5BA /* AnimatableFontModifier.swift in Sources */ = {isa = PBXBuildFile; fileRef = 181C6CBC28FEBF850091B5BA /* AnimatableFontModifier.swift */; };
		181C6CBF28FEC8AF0091B5BA /* Course.swift in Sources */ = {isa = PBXBuildFile; fileRef = 181C6CBE28FEC8AF0091B5BA /* Course.swift */; };
		1834E45629112F6000D3BF95 /* PlayView.swift in Sources */ = {isa = PBXBuildFile; fileRef = 1834E45529112F6000D3BF95 /* PlayView.swift */; };
		1834E45A2911425600D3BF95 /* ExploreView.swift in Sources */ = {isa = PBXBuildFile; fileRef = 1834E4592911425600D3BF95 /* ExploreView.swift */; };
		18578D70290A691400B6D91E /* Address.swift in Sources */ = {isa = PBXBuildFile; fileRef = 18578D6F290A691400B6D91E /* Address.swift */; };
		18578D72290A6FD300B6D91E /* Coin.swift in Sources */ = {isa = PBXBuildFile; fileRef = 18578D71290A6FD300B6D91E /* Coin.swift */; };
		18578D74290A803200B6D91E /* CircularView.swift in Sources */ = {isa = PBXBuildFile; fileRef = 18578D73290A803200B6D91E /* CircularView.swift */; };
		18578D76290A834500B6D91E /* CourseSection.swift in Sources */ = {isa = PBXBuildFile; fileRef = 18578D75290A834500B6D91E /* CourseSection.swift */; };
		18578D78290A847100B6D91E /* SectionRow.swift in Sources */ = {isa = PBXBuildFile; fileRef = 18578D77290A847100B6D91E /* SectionRow.swift */; };
		18578D7C290AA09300B6D91E /* SectionView.swift in Sources */ = {isa = PBXBuildFile; fileRef = 18578D7B290AA09300B6D91E /* SectionView.swift */; };
		185AA0A728F6B1DC0042973B /* Styles.swift in Sources */ = {isa = PBXBuildFile; fileRef = 185AA0A628F6B1DC0042973B /* Styles.swift */; };
		185AA0A928F6B9CC0042973B /* AccountView.swift in Sources */ = {isa = PBXBuildFile; fileRef = 185AA0A828F6B9CC0042973B /* AccountView.swift */; };
		18623E352901228B002114A7 /* Model.swift in Sources */ = {isa = PBXBuildFile; fileRef = 18623E342901228B002114A7 /* Model.swift */; };
		18623E37290160B7002114A7 /* SearchView.swift in Sources */ = {isa = PBXBuildFile; fileRef = 18623E36290160B7002114A7 /* SearchView.swift */; };
		18828056290275A10040EDD8 /* Suggestion.swift in Sources */ = {isa = PBXBuildFile; fileRef = 18828055290275A10040EDD8 /* Suggestion.swift */; };
		188280582902ADE00040EDD8 /* SignUpView.swift in Sources */ = {isa = PBXBuildFile; fileRef = 188280572902ADE00040EDD8 /* SignUpView.swift */; };
		1882805A2902BE580040EDD8 /* AngularButtonStyle.swift in Sources */ = {isa = PBXBuildFile; fileRef = 188280592902BE580040EDD8 /* AngularButtonStyle.swift */; };
		18960E1828FFECD600413A7F /* CourseItem.swift in Sources */ = {isa = PBXBuildFile; fileRef = 18960E1728FFECD600413A7F /* CourseItem.swift */; };
		18960E1A28FFEF1400413A7F /* CourseView.swift in Sources */ = {isa = PBXBuildFile; fileRef = 18960E1928FFEF1400413A7F /* CourseView.swift */; };
		18960E1C28FFFF3C00413A7F /* Animations.swift in Sources */ = {isa = PBXBuildFile; fileRef = 18960E1B28FFFF3C00413A7F /* Animations.swift */; };
		189D329928F7EC2B005411F1 /* HexagonView.swift in Sources */ = {isa = PBXBuildFile; fileRef = 189D329828F7EC2B005411F1 /* HexagonView.swift */; };
		189D329B28F7FA7C005411F1 /* BlobView.swift in Sources */ = {isa = PBXBuildFile; fileRef = 189D329A28F7FA7C005411F1 /* BlobView.swift */; };
		189D329D28F8128D005411F1 /* TabBar.swift in Sources */ = {isa = PBXBuildFile; fileRef = 189D329C28F8128D005411F1 /* TabBar.swift */; };
		189D329F28F81C70005411F1 /* Tab.swift in Sources */ = {isa = PBXBuildFile; fileRef = 189D329E28F81C70005411F1 /* Tab.swift */; };
		18BD6FD62911A4F6000E29F2 /* SmallCourseItem.swift in Sources */ = {isa = PBXBuildFile; fileRef = 18BD6FD52911A4F6000E29F2 /* SmallCourseItem.swift */; };
		18BD6FD82911B3E2000E29F2 /* Handbook.swift in Sources */ = {isa = PBXBuildFile; fileRef = 18BD6FD72911B3E2000E29F2 /* Handbook.swift */; };
		18BD6FDA2911B4D4000E29F2 /* HandbookItem.swift in Sources */ = {isa = PBXBuildFile; fileRef = 18BD6FD92911B4D4000E29F2 /* HandbookItem.swift */; };
		18BD6FDC2911C1AF000E29F2 /* Topic.swift in Sources */ = {isa = PBXBuildFile; fileRef = 18BD6FDB2911C1AF000E29F2 /* Topic.swift */; };
		18BD6FDE2911C213000E29F2 /* ListRow.swift in Sources */ = {isa = PBXBuildFile; fileRef = 18BD6FDD2911C213000E29F2 /* ListRow.swift */; };
		18C863B528F56B0D00AA989B /* DesignCodeApp.swift in Sources */ = {isa = PBXBuildFile; fileRef = 18C863B428F56B0D00AA989B /* DesignCodeApp.swift */; };
		18C863B728F56B0D00AA989B /* ContentView.swift in Sources */ = {isa = PBXBuildFile; fileRef = 18C863B628F56B0D00AA989B /* ContentView.swift */; };
		18C863B928F56B0F00AA989B /* Assets.xcassets in Resources */ = {isa = PBXBuildFile; fileRef = 18C863B828F56B0F00AA989B /* Assets.xcassets */; };
		18C863BC28F56B0F00AA989B /* Preview Assets.xcassets in Resources */ = {isa = PBXBuildFile; fileRef = 18C863BB28F56B0F00AA989B /* Preview Assets.xcassets */; };
		18F05D35290922FA006300AE /* InputStyle.swift in Sources */ = {isa = PBXBuildFile; fileRef = 18F05D34290922FA006300AE /* InputStyle.swift */; };
		18F05D3729094538006300AE /* ModalView.swift in Sources */ = {isa = PBXBuildFile; fileRef = 18F05D3629094538006300AE /* ModalView.swift */; };
		18F05D392909468A006300AE /* SignInView.swift in Sources */ = {isa = PBXBuildFile; fileRef = 18F05D382909468A006300AE /* SignInView.swift */; };
		18F05D3C290962FF006300AE /* AvatarView.swift in Sources */ = {isa = PBXBuildFile; fileRef = 18F05D3B290962FF006300AE /* AvatarView.swift */; };
/* End PBXBuildFile section */

/* Begin PBXFileReference section */
		181BDDDB28F95A9800962D7B /* HomeView.swift */ = {isa = PBXFileReference; lastKnownFileType = sourcecode.swift; path = HomeView.swift; sourceTree = "<group>"; };
		181C6CB128FE84B80091B5BA /* FeaturedItem.swift */ = {isa = PBXFileReference; lastKnownFileType = sourcecode.swift; path = FeaturedItem.swift; sourceTree = "<group>"; };
		181C6CB828FE8BEF0091B5BA /* NavigationBar.swift */ = {isa = PBXFileReference; lastKnownFileType = sourcecode.swift; path = NavigationBar.swift; sourceTree = "<group>"; };
		181C6CBA28FEA2000091B5BA /* PreferenceKeys.swift */ = {isa = PBXFileReference; lastKnownFileType = sourcecode.swift; path = PreferenceKeys.swift; sourceTree = "<group>"; };
		181C6CBC28FEBF850091B5BA /* AnimatableFontModifier.swift */ = {isa = PBXFileReference; lastKnownFileType = sourcecode.swift; path = AnimatableFontModifier.swift; sourceTree = "<group>"; };
		181C6CBE28FEC8AF0091B5BA /* Course.swift */ = {isa = PBXFileReference; lastKnownFileType = sourcecode.swift; path = Course.swift; sourceTree = "<group>"; };
		1834E45529112F6000D3BF95 /* PlayView.swift */ = {isa = PBXFileReference; lastKnownFileType = sourcecode.swift; path = PlayView.swift; sourceTree = "<group>"; };
		1834E4592911425600D3BF95 /* ExploreView.swift */ = {isa = PBXFileReference; lastKnownFileType = sourcecode.swift; path = ExploreView.swift; sourceTree = "<group>"; };
		18578D6F290A691400B6D91E /* Address.swift */ = {isa = PBXFileReference; lastKnownFileType = sourcecode.swift; path = Address.swift; sourceTree = "<group>"; };
		18578D71290A6FD300B6D91E /* Coin.swift */ = {isa = PBXFileReference; lastKnownFileType = sourcecode.swift; path = Coin.swift; sourceTree = "<group>"; };
		18578D73290A803200B6D91E /* CircularView.swift */ = {isa = PBXFileReference; lastKnownFileType = sourcecode.swift; path = CircularView.swift; sourceTree = "<group>"; };
		18578D75290A834500B6D91E /* CourseSection.swift */ = {isa = PBXFileReference; lastKnownFileType = sourcecode.swift; path = CourseSection.swift; sourceTree = "<group>"; };
		18578D77290A847100B6D91E /* SectionRow.swift */ = {isa = PBXFileReference; lastKnownFileType = sourcecode.swift; path = SectionRow.swift; sourceTree = "<group>"; };
		18578D7B290AA09300B6D91E /* SectionView.swift */ = {isa = PBXFileReference; lastKnownFileType = sourcecode.swift; path = SectionView.swift; sourceTree = "<group>"; };
		185AA0A628F6B1DC0042973B /* Styles.swift */ = {isa = PBXFileReference; lastKnownFileType = sourcecode.swift; path = Styles.swift; sourceTree = "<group>"; };
		185AA0A828F6B9CC0042973B /* AccountView.swift */ = {isa = PBXFileReference; lastKnownFileType = sourcecode.swift; path = AccountView.swift; sourceTree = "<group>"; };
		18623E342901228B002114A7 /* Model.swift */ = {isa = PBXFileReference; lastKnownFileType = sourcecode.swift; path = Model.swift; sourceTree = "<group>"; };
		18623E36290160B7002114A7 /* SearchView.swift */ = {isa = PBXFileReference; lastKnownFileType = sourcecode.swift; path = SearchView.swift; sourceTree = "<group>"; };
		18828055290275A10040EDD8 /* Suggestion.swift */ = {isa = PBXFileReference; lastKnownFileType = sourcecode.swift; path = Suggestion.swift; sourceTree = "<group>"; };
		188280572902ADE00040EDD8 /* SignUpView.swift */ = {isa = PBXFileReference; lastKnownFileType = sourcecode.swift; path = SignUpView.swift; sourceTree = "<group>"; };
		188280592902BE580040EDD8 /* AngularButtonStyle.swift */ = {isa = PBXFileReference; lastKnownFileType = sourcecode.swift; path = AngularButtonStyle.swift; sourceTree = "<group>"; };
		18960E1728FFECD600413A7F /* CourseItem.swift */ = {isa = PBXFileReference; lastKnownFileType = sourcecode.swift; path = CourseItem.swift; sourceTree = "<group>"; };
		18960E1928FFEF1400413A7F /* CourseView.swift */ = {isa = PBXFileReference; lastKnownFileType = sourcecode.swift; path = CourseView.swift; sourceTree = "<group>"; };
		18960E1B28FFFF3C00413A7F /* Animations.swift */ = {isa = PBXFileReference; lastKnownFileType = sourcecode.swift; path = Animations.swift; sourceTree = "<group>"; };
		189D329828F7EC2B005411F1 /* HexagonView.swift */ = {isa = PBXFileReference; lastKnownFileType = sourcecode.swift; path = HexagonView.swift; sourceTree = "<group>"; };
		189D329A28F7FA7C005411F1 /* BlobView.swift */ = {isa = PBXFileReference; lastKnownFileType = sourcecode.swift; path = BlobView.swift; sourceTree = "<group>"; };
		189D329C28F8128D005411F1 /* TabBar.swift */ = {isa = PBXFileReference; lastKnownFileType = sourcecode.swift; path = TabBar.swift; sourceTree = "<group>"; };
		189D329E28F81C70005411F1 /* Tab.swift */ = {isa = PBXFileReference; lastKnownFileType = sourcecode.swift; path = Tab.swift; sourceTree = "<group>"; };
		18BD6FD52911A4F6000E29F2 /* SmallCourseItem.swift */ = {isa = PBXFileReference; lastKnownFileType = sourcecode.swift; path = SmallCourseItem.swift; sourceTree = "<group>"; };
		18BD6FD72911B3E2000E29F2 /* Handbook.swift */ = {isa = PBXFileReference; lastKnownFileType = sourcecode.swift; path = Handbook.swift; sourceTree = "<group>"; };
		18BD6FD92911B4D4000E29F2 /* HandbookItem.swift */ = {isa = PBXFileReference; lastKnownFileType = sourcecode.swift; path = HandbookItem.swift; sourceTree = "<group>"; };
		18BD6FDB2911C1AF000E29F2 /* Topic.swift */ = {isa = PBXFileReference; lastKnownFileType = sourcecode.swift; path = Topic.swift; sourceTree = "<group>"; };
		18BD6FDD2911C213000E29F2 /* ListRow.swift */ = {isa = PBXFileReference; lastKnownFileType = sourcecode.swift; path = ListRow.swift; sourceTree = "<group>"; };
		18C863B128F56B0D00AA989B /* DesignCode.app */ = {isa = PBXFileReference; explicitFileType = wrapper.application; includeInIndex = 0; path = DesignCode.app; sourceTree = BUILT_PRODUCTS_DIR; };
		18C863B428F56B0D00AA989B /* DesignCodeApp.swift */ = {isa = PBXFileReference; lastKnownFileType = sourcecode.swift; path = DesignCodeApp.swift; sourceTree = "<group>"; };
		18C863B628F56B0D00AA989B /* ContentView.swift */ = {isa = PBXFileReference; lastKnownFileType = sourcecode.swift; path = ContentView.swift; sourceTree = "<group>"; };
		18C863B828F56B0F00AA989B /* Assets.xcassets */ = {isa = PBXFileReference; lastKnownFileType = folder.assetcatalog; path = Assets.xcassets; sourceTree = "<group>"; };
		18C863BB28F56B0F00AA989B /* Preview Assets.xcassets */ = {isa = PBXFileReference; lastKnownFileType = folder.assetcatalog; path = "Preview Assets.xcassets"; sourceTree = "<group>"; };
		18F05D34290922FA006300AE /* InputStyle.swift */ = {isa = PBXFileReference; lastKnownFileType = sourcecode.swift; path = InputStyle.swift; sourceTree = "<group>"; };
		18F05D3629094538006300AE /* ModalView.swift */ = {isa = PBXFileReference; lastKnownFileType = sourcecode.swift; path = ModalView.swift; sourceTree = "<group>"; };
		18F05D382909468A006300AE /* SignInView.swift */ = {isa = PBXFileReference; lastKnownFileType = sourcecode.swift; path = SignInView.swift; sourceTree = "<group>"; };
		18F05D3B290962FF006300AE /* AvatarView.swift */ = {isa = PBXFileReference; lastKnownFileType = sourcecode.swift; path = AvatarView.swift; sourceTree = "<group>"; };
/* End PBXFileReference section */

/* Begin PBXFrameworksBuildPhase section */
		18C863AE28F56B0D00AA989B /* Frameworks */ = {
			isa = PBXFrameworksBuildPhase;
			buildActionMask = 2147483647;
			files = (
			);
			runOnlyForDeploymentPostprocessing = 0;
		};
/* End PBXFrameworksBuildPhase section */

/* Begin PBXGroup section */
		181C6CB328FE89920091B5BA /* Navigation */ = {
			isa = PBXGroup;
			children = (
				18C863B628F56B0D00AA989B /* ContentView.swift */,
				189D329C28F8128D005411F1 /* TabBar.swift */,
				181C6CB828FE8BEF0091B5BA /* NavigationBar.swift */,
			);
			path = Navigation;
			sourceTree = "<group>";
		};
		181C6CB428FE89C90091B5BA /* Views */ = {
			isa = PBXGroup;
			children = (
				18BD6FDF2911C5A1000E29F2 /* Main */,
				18BD6FE02911C5DB000E29F2 /* Sheets */,
				18BD6FE12911C5F2000E29F2 /* Detail */,
				18F05D3A2909542A006300AE /* Modals */,
			);
			path = Views;
			sourceTree = "<group>";
		};
		181C6CB528FE89EC0091B5BA /* Components */ = {
			isa = PBXGroup;
			children = (
				18BD6FE32911C654000E29F2 /* items */,
				18BD6FE42911C678000E29F2 /* buttons */,
			);
			path = Components;
			sourceTree = "<group>";
		};
		181C6CB628FE8A070091B5BA /* Model */ = {
			isa = PBXGroup;
			children = (
				189D329E28F81C70005411F1 /* Tab.swift */,
				181C6CBA28FEA2000091B5BA /* PreferenceKeys.swift */,
				181C6CBE28FEC8AF0091B5BA /* Course.swift */,
				18623E342901228B002114A7 /* Model.swift */,
				18828055290275A10040EDD8 /* Suggestion.swift */,
				18578D6F290A691400B6D91E /* Address.swift */,
				18578D71290A6FD300B6D91E /* Coin.swift */,
				18578D75290A834500B6D91E /* CourseSection.swift */,
				18BD6FD72911B3E2000E29F2 /* Handbook.swift */,
				18BD6FDB2911C1AF000E29F2 /* Topic.swift */,
			);
			path = Model;
			sourceTree = "<group>";
		};
		181C6CB728FE8A6C0091B5BA /* Styles */ = {
			isa = PBXGroup;
			children = (
				185AA0A628F6B1DC0042973B /* Styles.swift */,
				181C6CBC28FEBF850091B5BA /* AnimatableFontModifier.swift */,
				18960E1B28FFFF3C00413A7F /* Animations.swift */,
				188280592902BE580040EDD8 /* AngularButtonStyle.swift */,
				18F05D34290922FA006300AE /* InputStyle.swift */,
			);
			path = Styles;
			sourceTree = "<group>";
		};
		18BD6FDF2911C5A1000E29F2 /* Main */ = {
			isa = PBXGroup;
			children = (
				181BDDDB28F95A9800962D7B /* HomeView.swift */,
				1834E4592911425600D3BF95 /* ExploreView.swift */,
			);
			path = Main;
			sourceTree = "<group>";
		};
		18BD6FE02911C5DB000E29F2 /* Sheets */ = {
			isa = PBXGroup;
			children = (
				185AA0A828F6B9CC0042973B /* AccountView.swift */,
				18623E36290160B7002114A7 /* SearchView.swift */,
			);
			path = Sheets;
			sourceTree = "<group>";
		};
		18BD6FE12911C5F2000E29F2 /* Detail */ = {
			isa = PBXGroup;
			children = (
				18960E1928FFEF1400413A7F /* CourseView.swift */,
				18578D7B290AA09300B6D91E /* SectionView.swift */,
			);
			path = Detail;
			sourceTree = "<group>";
		};
		18BD6FE32911C654000E29F2 /* items */ = {
			isa = PBXGroup;
			children = (
				181C6CB128FE84B80091B5BA /* FeaturedItem.swift */,
				18960E1728FFECD600413A7F /* CourseItem.swift */,
				18578D77290A847100B6D91E /* SectionRow.swift */,
				18BD6FD52911A4F6000E29F2 /* SmallCourseItem.swift */,
				18BD6FD92911B4D4000E29F2 /* HandbookItem.swift */,
				18BD6FDD2911C213000E29F2 /* ListRow.swift */,
			);
			path = items;
			sourceTree = "<group>";
		};
		18BD6FE42911C678000E29F2 /* buttons */ = {
			isa = PBXGroup;
			children = (
				1834E45529112F6000D3BF95 /* PlayView.swift */,
				18F05D3B290962FF006300AE /* AvatarView.swift */,
			);
			path = buttons;
			sourceTree = "<group>";
		};
		18BD6FE52911C690000E29F2 /* Graphics */ = {
			isa = PBXGroup;
			children = (
				189D329828F7EC2B005411F1 /* HexagonView.swift */,
				189D329A28F7FA7C005411F1 /* BlobView.swift */,
				18578D73290A803200B6D91E /* CircularView.swift */,
			);
			path = Graphics;
			sourceTree = "<group>";
		};
		18C863A828F56B0D00AA989B = {
			isa = PBXGroup;
			children = (
				18C863B328F56B0D00AA989B /* DesignCode */,
				18C863B228F56B0D00AA989B /* Products */,
			);
			sourceTree = "<group>";
		};
		18C863B228F56B0D00AA989B /* Products */ = {
			isa = PBXGroup;
			children = (
				18C863B128F56B0D00AA989B /* DesignCode.app */,
			);
			name = Products;
			sourceTree = "<group>";
		};
		18C863B328F56B0D00AA989B /* DesignCode */ = {
			isa = PBXGroup;
			children = (
				18C863B428F56B0D00AA989B /* DesignCodeApp.swift */,
				181C6CB328FE89920091B5BA /* Navigation */,
				181C6CB428FE89C90091B5BA /* Views */,
				181C6CB528FE89EC0091B5BA /* Components */,
				18BD6FE52911C690000E29F2 /* Graphics */,
				181C6CB628FE8A070091B5BA /* Model */,
				181C6CB728FE8A6C0091B5BA /* Styles */,
				18C863B828F56B0F00AA989B /* Assets.xcassets */,
				18C863BA28F56B0F00AA989B /* Preview Content */,
			);
			path = DesignCode;
			sourceTree = "<group>";
		};
		18C863BA28F56B0F00AA989B /* Preview Content */ = {
			isa = PBXGroup;
			children = (
				18C863BB28F56B0F00AA989B /* Preview Assets.xcassets */,
			);
			path = "Preview Content";
			sourceTree = "<group>";
		};
		18F05D3A2909542A006300AE /* Modals */ = {
			isa = PBXGroup;
			children = (
				188280572902ADE00040EDD8 /* SignUpView.swift */,
				18F05D382909468A006300AE /* SignInView.swift */,
				18F05D3629094538006300AE /* ModalView.swift */,
			);
			path = Modals;
			sourceTree = "<group>";
		};
/* End PBXGroup section */

/* Begin PBXNativeTarget section */
		18C863B028F56B0D00AA989B /* DesignCode */ = {
			isa = PBXNativeTarget;
			buildConfigurationList = 18C863BF28F56B0F00AA989B /* Build configuration list for PBXNativeTarget "DesignCode" */;
			buildPhases = (
				18C863AD28F56B0D00AA989B /* Sources */,
				18C863AE28F56B0D00AA989B /* Frameworks */,
				18C863AF28F56B0D00AA989B /* Resources */,
			);
			buildRules = (
			);
			dependencies = (
			);
			name = DesignCode;
			productName = DesignCode;
			productReference = 18C863B128F56B0D00AA989B /* DesignCode.app */;
			productType = "com.apple.product-type.application";
		};
/* End PBXNativeTarget section */

/* Begin PBXProject section */
		18C863A928F56B0D00AA989B /* Project object */ = {
			isa = PBXProject;
			attributes = {
				BuildIndependentTargetsInParallel = 1;
				LastSwiftUpdateCheck = 1400;
				LastUpgradeCheck = 1400;
				TargetAttributes = {
					18C863B028F56B0D00AA989B = {
						CreatedOnToolsVersion = 14.0.1;
					};
				};
			};
			buildConfigurationList = 18C863AC28F56B0D00AA989B /* Build configuration list for PBXProject "DesignCode" */;
			compatibilityVersion = "Xcode 14.0";
			developmentRegion = en;
			hasScannedForEncodings = 0;
			knownRegions = (
				en,
				Base,
			);
			mainGroup = 18C863A828F56B0D00AA989B;
			productRefGroup = 18C863B228F56B0D00AA989B /* Products */;
			projectDirPath = "";
			projectRoot = "";
			targets = (
				18C863B028F56B0D00AA989B /* DesignCode */,
			);
		};
/* End PBXProject section */

/* Begin PBXResourcesBuildPhase section */
		18C863AF28F56B0D00AA989B /* Resources */ = {
			isa = PBXResourcesBuildPhase;
			buildActionMask = 2147483647;
			files = (
				18C863BC28F56B0F00AA989B /* Preview Assets.xcassets in Resources */,
				18C863B928F56B0F00AA989B /* Assets.xcassets in Resources */,
			);
			runOnlyForDeploymentPostprocessing = 0;
		};
/* End PBXResourcesBuildPhase section */

/* Begin PBXSourcesBuildPhase section */
		18C863AD28F56B0D00AA989B /* Sources */ = {
			isa = PBXSourcesBuildPhase;
			buildActionMask = 2147483647;
			files = (
				18623E37290160B7002114A7 /* SearchView.swift in Sources */,
				181BDDDC28F95A9800962D7B /* HomeView.swift in Sources */,
				18578D7C290AA09300B6D91E /* SectionView.swift in Sources */,
				185AA0A928F6B9CC0042973B /* AccountView.swift in Sources */,
				18BD6FDE2911C213000E29F2 /* ListRow.swift in Sources */,
				1834E45629112F6000D3BF95 /* PlayView.swift in Sources */,
				18960E1A28FFEF1400413A7F /* CourseView.swift in Sources */,
				189D329928F7EC2B005411F1 /* HexagonView.swift in Sources */,
				18828056290275A10040EDD8 /* Suggestion.swift in Sources */,
				18578D70290A691400B6D91E /* Address.swift in Sources */,
				18C863B728F56B0D00AA989B /* ContentView.swift in Sources */,
				18F05D3C290962FF006300AE /* AvatarView.swift in Sources */,
				18BD6FDA2911B4D4000E29F2 /* HandbookItem.swift in Sources */,
				189D329F28F81C70005411F1 /* Tab.swift in Sources */,
				181C6CB928FE8BEF0091B5BA /* NavigationBar.swift in Sources */,
				1834E45A2911425600D3BF95 /* ExploreView.swift in Sources */,
				1882805A2902BE580040EDD8 /* AngularButtonStyle.swift in Sources */,
				18BD6FD82911B3E2000E29F2 /* Handbook.swift in Sources */,
				189D329B28F7FA7C005411F1 /* BlobView.swift in Sources */,
				18F05D392909468A006300AE /* SignInView.swift in Sources */,
				18578D76290A834500B6D91E /* CourseSection.swift in Sources */,
				18578D74290A803200B6D91E /* CircularView.swift in Sources */,
				18578D72290A6FD300B6D91E /* Coin.swift in Sources */,
				18BD6FD62911A4F6000E29F2 /* SmallCourseItem.swift in Sources */,
				18C863B528F56B0D00AA989B /* DesignCodeApp.swift in Sources */,
				181C6CBF28FEC8AF0091B5BA /* Course.swift in Sources */,
				185AA0A728F6B1DC0042973B /* Styles.swift in Sources */,
				18960E1828FFECD600413A7F /* CourseItem.swift in Sources */,
				181C6CB228FE84B80091B5BA /* FeaturedItem.swift in Sources */,
				188280582902ADE00040EDD8 /* SignUpView.swift in Sources */,
				18578D78290A847100B6D91E /* SectionRow.swift in Sources */,
				18960E1C28FFFF3C00413A7F /* Animations.swift in Sources */,
				181C6CBB28FEA2000091B5BA /* PreferenceKeys.swift in Sources */,
				18F05D35290922FA006300AE /* InputStyle.swift in Sources */,
				18BD6FDC2911C1AF000E29F2 /* Topic.swift in Sources */,
				18623E352901228B002114A7 /* Model.swift in Sources */,
				189D329D28F8128D005411F1 /* TabBar.swift in Sources */,
				181C6CBD28FEBF850091B5BA /* AnimatableFontModifier.swift in Sources */,
				18F05D3729094538006300AE /* ModalView.swift in Sources */,
			);
			runOnlyForDeploymentPostprocessing = 0;
		};
/* End PBXSourcesBuildPhase section */

/* Begin XCBuildConfiguration section */
		18C863BD28F56B0F00AA989B /* Debug */ = {
			isa = XCBuildConfiguration;
			buildSettings = {
				ALWAYS_SEARCH_USER_PATHS = NO;
				CLANG_ANALYZER_NONNULL = YES;
				CLANG_ANALYZER_NUMBER_OBJECT_CONVERSION = YES_AGGRESSIVE;
				CLANG_CXX_LANGUAGE_STANDARD = "gnu++20";
				CLANG_ENABLE_MODULES = YES;
				CLANG_ENABLE_OBJC_ARC = YES;
				CLANG_ENABLE_OBJC_WEAK = YES;
				CLANG_WARN_BLOCK_CAPTURE_AUTORELEASING = YES;
				CLANG_WARN_BOOL_CONVERSION = YES;
				CLANG_WARN_COMMA = YES;
				CLANG_WARN_CONSTANT_CONVERSION = YES;
				CLANG_WARN_DEPRECATED_OBJC_IMPLEMENTATIONS = YES;
				CLANG_WARN_DIRECT_OBJC_ISA_USAGE = YES_ERROR;
				CLANG_WARN_DOCUMENTATION_COMMENTS = YES;
				CLANG_WARN_EMPTY_BODY = YES;
				CLANG_WARN_ENUM_CONVERSION = YES;
				CLANG_WARN_INFINITE_RECURSION = YES;
				CLANG_WARN_INT_CONVERSION = YES;
				CLANG_WARN_NON_LITERAL_NULL_CONVERSION = YES;
				CLANG_WARN_OBJC_IMPLICIT_RETAIN_SELF = YES;
				CLANG_WARN_OBJC_LITERAL_CONVERSION = YES;
				CLANG_WARN_OBJC_ROOT_CLASS = YES_ERROR;
				CLANG_WARN_QUOTED_INCLUDE_IN_FRAMEWORK_HEADER = YES;
				CLANG_WARN_RANGE_LOOP_ANALYSIS = YES;
				CLANG_WARN_STRICT_PROTOTYPES = YES;
				CLANG_WARN_SUSPICIOUS_MOVE = YES;
				CLANG_WARN_UNGUARDED_AVAILABILITY = YES_AGGRESSIVE;
				CLANG_WARN_UNREACHABLE_CODE = YES;
				CLANG_WARN__DUPLICATE_METHOD_MATCH = YES;
				COPY_PHASE_STRIP = NO;
				DEBUG_INFORMATION_FORMAT = dwarf;
				ENABLE_STRICT_OBJC_MSGSEND = YES;
				ENABLE_TESTABILITY = YES;
				GCC_C_LANGUAGE_STANDARD = gnu11;
				GCC_DYNAMIC_NO_PIC = NO;
				GCC_NO_COMMON_BLOCKS = YES;
				GCC_OPTIMIZATION_LEVEL = 0;
				GCC_PREPROCESSOR_DEFINITIONS = (
					"DEBUG=1",
					"$(inherited)",
				);
				GCC_WARN_64_TO_32_BIT_CONVERSION = YES;
				GCC_WARN_ABOUT_RETURN_TYPE = YES_ERROR;
				GCC_WARN_UNDECLARED_SELECTOR = YES;
				GCC_WARN_UNINITIALIZED_AUTOS = YES_AGGRESSIVE;
				GCC_WARN_UNUSED_FUNCTION = YES;
				GCC_WARN_UNUSED_VARIABLE = YES;
				IPHONEOS_DEPLOYMENT_TARGET = 16.0;
				MTL_ENABLE_DEBUG_INFO = INCLUDE_SOURCE;
				MTL_FAST_MATH = YES;
				ONLY_ACTIVE_ARCH = YES;
				SDKROOT = iphoneos;
				SWIFT_ACTIVE_COMPILATION_CONDITIONS = DEBUG;
				SWIFT_OPTIMIZATION_LEVEL = "-Onone";
			};
			name = Debug;
		};
		18C863BE28F56B0F00AA989B /* Release */ = {
			isa = XCBuildConfiguration;
			buildSettings = {
				ALWAYS_SEARCH_USER_PATHS = NO;
				CLANG_ANALYZER_NONNULL = YES;
				CLANG_ANALYZER_NUMBER_OBJECT_CONVERSION = YES_AGGRESSIVE;
				CLANG_CXX_LANGUAGE_STANDARD = "gnu++20";
				CLANG_ENABLE_MODULES = YES;
				CLANG_ENABLE_OBJC_ARC = YES;
				CLANG_ENABLE_OBJC_WEAK = YES;
				CLANG_WARN_BLOCK_CAPTURE_AUTORELEASING = YES;
				CLANG_WARN_BOOL_CONVERSION = YES;
				CLANG_WARN_COMMA = YES;
				CLANG_WARN_CONSTANT_CONVERSION = YES;
				CLANG_WARN_DEPRECATED_OBJC_IMPLEMENTATIONS = YES;
				CLANG_WARN_DIRECT_OBJC_ISA_USAGE = YES_ERROR;
				CLANG_WARN_DOCUMENTATION_COMMENTS = YES;
				CLANG_WARN_EMPTY_BODY = YES;
				CLANG_WARN_ENUM_CONVERSION = YES;
				CLANG_WARN_INFINITE_RECURSION = YES;
				CLANG_WARN_INT_CONVERSION = YES;
				CLANG_WARN_NON_LITERAL_NULL_CONVERSION = YES;
				CLANG_WARN_OBJC_IMPLICIT_RETAIN_SELF = YES;
				CLANG_WARN_OBJC_LITERAL_CONVERSION = YES;
				CLANG_WARN_OBJC_ROOT_CLASS = YES_ERROR;
				CLANG_WARN_QUOTED_INCLUDE_IN_FRAMEWORK_HEADER = YES;
				CLANG_WARN_RANGE_LOOP_ANALYSIS = YES;
				CLANG_WARN_STRICT_PROTOTYPES = YES;
				CLANG_WARN_SUSPICIOUS_MOVE = YES;
				CLANG_WARN_UNGUARDED_AVAILABILITY = YES_AGGRESSIVE;
				CLANG_WARN_UNREACHABLE_CODE = YES;
				CLANG_WARN__DUPLICATE_METHOD_MATCH = YES;
				COPY_PHASE_STRIP = NO;
				DEBUG_INFORMATION_FORMAT = "dwarf-with-dsym";
				ENABLE_NS_ASSERTIONS = NO;
				ENABLE_STRICT_OBJC_MSGSEND = YES;
				GCC_C_LANGUAGE_STANDARD = gnu11;
				GCC_NO_COMMON_BLOCKS = YES;
				GCC_WARN_64_TO_32_BIT_CONVERSION = YES;
				GCC_WARN_ABOUT_RETURN_TYPE = YES_ERROR;
				GCC_WARN_UNDECLARED_SELECTOR = YES;
				GCC_WARN_UNINITIALIZED_AUTOS = YES_AGGRESSIVE;
				GCC_WARN_UNUSED_FUNCTION = YES;
				GCC_WARN_UNUSED_VARIABLE = YES;
				IPHONEOS_DEPLOYMENT_TARGET = 16.0;
				MTL_ENABLE_DEBUG_INFO = NO;
				MTL_FAST_MATH = YES;
				SDKROOT = iphoneos;
				SWIFT_COMPILATION_MODE = wholemodule;
				SWIFT_OPTIMIZATION_LEVEL = "-O";
				VALIDATE_PRODUCT = YES;
			};
			name = Release;
		};
		18C863C028F56B0F00AA989B /* Debug */ = {
			isa = XCBuildConfiguration;
			buildSettings = {
				ASSETCATALOG_COMPILER_APPICON_NAME = AppIcon;
				ASSETCATALOG_COMPILER_GLOBAL_ACCENT_COLOR_NAME = AccentColor;
				CODE_SIGN_STYLE = Automatic;
				CURRENT_PROJECT_VERSION = 1;
				DEVELOPMENT_ASSET_PATHS = "\"DesignCode/Preview Content\"";
				DEVELOPMENT_TEAM = JW6FGZ9C36;
				ENABLE_PREVIEWS = YES;
				GENERATE_INFOPLIST_FILE = YES;
				INFOPLIST_KEY_UIApplicationSceneManifest_Generation = YES;
				INFOPLIST_KEY_UIApplicationSupportsIndirectInputEvents = YES;
				INFOPLIST_KEY_UILaunchScreen_Generation = YES;
				INFOPLIST_KEY_UISupportedInterfaceOrientations_iPad = "UIInterfaceOrientationPortrait UIInterfaceOrientationPortraitUpsideDown UIInterfaceOrientationLandscapeLeft UIInterfaceOrientationLandscapeRight";
				INFOPLIST_KEY_UISupportedInterfaceOrientations_iPhone = "UIInterfaceOrientationPortrait UIInterfaceOrientationLandscapeLeft UIInterfaceOrientationLandscapeRight";
				LD_RUNPATH_SEARCH_PATHS = (
					"$(inherited)",
					"@executable_path/Frameworks",
				);
				MARKETING_VERSION = 1.0;
				PRODUCT_BUNDLE_IDENTIFIER = Zhaslan.DesignCode;
				PRODUCT_NAME = "$(TARGET_NAME)";
				SWIFT_EMIT_LOC_STRINGS = YES;
				SWIFT_VERSION = 5.0;
				TARGETED_DEVICE_FAMILY = "1,2";
			};
			name = Debug;
		};
		18C863C128F56B0F00AA989B /* Release */ = {
			isa = XCBuildConfiguration;
			buildSettings = {
				ASSETCATALOG_COMPILER_APPICON_NAME = AppIcon;
				ASSETCATALOG_COMPILER_GLOBAL_ACCENT_COLOR_NAME = AccentColor;
				CODE_SIGN_STYLE = Automatic;
				CURRENT_PROJECT_VERSION = 1;
				DEVELOPMENT_ASSET_PATHS = "\"DesignCode/Preview Content\"";
				DEVELOPMENT_TEAM = JW6FGZ9C36;
				ENABLE_PREVIEWS = YES;
				GENERATE_INFOPLIST_FILE = YES;
				INFOPLIST_KEY_UIApplicationSceneManifest_Generation = YES;
				INFOPLIST_KEY_UIApplicationSupportsIndirectInputEvents = YES;
				INFOPLIST_KEY_UILaunchScreen_Generation = YES;
				INFOPLIST_KEY_UISupportedInterfaceOrientations_iPad = "UIInterfaceOrientationPortrait UIInterfaceOrientationPortraitUpsideDown UIInterfaceOrientationLandscapeLeft UIInterfaceOrientationLandscapeRight";
				INFOPLIST_KEY_UISupportedInterfaceOrientations_iPhone = "UIInterfaceOrientationPortrait UIInterfaceOrientationLandscapeLeft UIInterfaceOrientationLandscapeRight";
				LD_RUNPATH_SEARCH_PATHS = (
					"$(inherited)",
					"@executable_path/Frameworks",
				);
				MARKETING_VERSION = 1.0;
				PRODUCT_BUNDLE_IDENTIFIER = Zhaslan.DesignCode;
				PRODUCT_NAME = "$(TARGET_NAME)";
				SWIFT_EMIT_LOC_STRINGS = YES;
				SWIFT_VERSION = 5.0;
				TARGETED_DEVICE_FAMILY = "1,2";
			};
			name = Release;
		};
/* End XCBuildConfiguration section */

/* Begin XCConfigurationList section */
		18C863AC28F56B0D00AA989B /* Build configuration list for PBXProject "DesignCode" */ = {
			isa = XCConfigurationList;
			buildConfigurations = (
				18C863BD28F56B0F00AA989B /* Debug */,
				18C863BE28F56B0F00AA989B /* Release */,
			);
			defaultConfigurationIsVisible = 0;
			defaultConfigurationName = Release;
		};
		18C863BF28F56B0F00AA989B /* Build configuration list for PBXNativeTarget "DesignCode" */ = {
			isa = XCConfigurationList;
			buildConfigurations = (
				18C863C028F56B0F00AA989B /* Debug */,
				18C863C128F56B0F00AA989B /* Release */,
			);
			defaultConfigurationIsVisible = 0;
			defaultConfigurationName = Release;
		};
/* End XCConfigurationList section */
	};
	rootObject = 18C863A928F56B0D00AA989B /* Project object */;
}
